// !$*UTF8*$!
{
	archiveVersion = 1;
	classes = {
	};
	objectVersion = 46;
	objects = {

/* Begin PBXBuildFile section */
		1A0BD5D51B925C6A00B61C07 /* AppDelegate.swift in Sources */ = {isa = PBXBuildFile; fileRef = 1A0BD5D41B925C6A00B61C07 /* AppDelegate.swift */; };
		1A0BD5D71B925C6A00B61C07 /* ViewController.swift in Sources */ = {isa = PBXBuildFile; fileRef = 1A0BD5D61B925C6A00B61C07 /* ViewController.swift */; };
		1A0BD5DA1B925C6A00B61C07 /* Main.storyboard in Resources */ = {isa = PBXBuildFile; fileRef = 1A0BD5D81B925C6A00B61C07 /* Main.storyboard */; };
		1A0BD5DC1B925C6A00B61C07 /* Assets.xcassets in Resources */ = {isa = PBXBuildFile; fileRef = 1A0BD5DB1B925C6A00B61C07 /* Assets.xcassets */; };
		1A0BD5DF1B925C6A00B61C07 /* LaunchScreen.storyboard in Resources */ = {isa = PBXBuildFile; fileRef = 1A0BD5DD1B925C6A00B61C07 /* LaunchScreen.storyboard */; };
		1A0BD5EA1B925C6A00B61C07 /* AdventureClubTests.swift in Sources */ = {isa = PBXBuildFile; fileRef = 1A0BD5E91B925C6A00B61C07 /* AdventureClubTests.swift */; };
		1A0BD5F51B925C6A00B61C07 /* AdventureClubUITests.swift in Sources */ = {isa = PBXBuildFile; fileRef = 1A0BD5F41B925C6A00B61C07 /* AdventureClubUITests.swift */; };
		1A0BD6091B925D1300B61C07 /* ActivitiesTableViewController.swift in Sources */ = {isa = PBXBuildFile; fileRef = 1A0BD6021B925D1300B61C07 /* ActivitiesTableViewController.swift */; settings = {ASSET_TAGS = (); }; };
		1A0BD60A1B925D1300B61C07 /* ActivityCard.swift in Sources */ = {isa = PBXBuildFile; fileRef = 1A0BD6031B925D1300B61C07 /* ActivityCard.swift */; settings = {ASSET_TAGS = (); }; };
		1A0BD60B1B925D1300B61C07 /* ActivityCard.xib in Resources */ = {isa = PBXBuildFile; fileRef = 1A0BD6041B925D1300B61C07 /* ActivityCard.xib */; settings = {ASSET_TAGS = (); }; };
		1A0BD60C1B925D1300B61C07 /* ActivityCardView.swift in Sources */ = {isa = PBXBuildFile; fileRef = 1A0BD6051B925D1300B61C07 /* ActivityCardView.swift */; settings = {ASSET_TAGS = (); }; };
		1A0BD60D1B925D1300B61C07 /* ActivityModel.swift in Sources */ = {isa = PBXBuildFile; fileRef = 1A0BD6061B925D1300B61C07 /* ActivityModel.swift */; settings = {ASSET_TAGS = (); }; };
		1A0BD60E1B925D1300B61C07 /* ActivityTableViewCell.swift in Sources */ = {isa = PBXBuildFile; fileRef = 1A0BD6071B925D1300B61C07 /* ActivityTableViewCell.swift */; settings = {ASSET_TAGS = (); }; };
		1A0BD60F1B925D1300B61C07 /* APIKeys.swift in Sources */ = {isa = PBXBuildFile; fileRef = 1A0BD6081B925D1300B61C07 /* APIKeys.swift */; settings = {ASSET_TAGS = (); }; };
		1A0BD6111B925D2C00B61C07 /* BackgroundView.swift in Sources */ = {isa = PBXBuildFile; fileRef = 1A0BD6101B925D2C00B61C07 /* BackgroundView.swift */; settings = {ASSET_TAGS = (); }; };
		1A0BD61C1B925D4300B61C07 /* BuddiesTableViewController.swift in Sources */ = {isa = PBXBuildFile; fileRef = 1A0BD6121B925D4300B61C07 /* BuddiesTableViewController.swift */; settings = {ASSET_TAGS = (); }; };
		1A0BD61D1B925D4300B61C07 /* ButtonStyle.swift in Sources */ = {isa = PBXBuildFile; fileRef = 1A0BD6141B925D4300B61C07 /* ButtonStyle.swift */; settings = {ASSET_TAGS = (); }; };
		1A0BD61E1B925D4300B61C07 /* ChatViewController.swift in Sources */ = {isa = PBXBuildFile; fileRef = 1A0BD6151B925D4300B61C07 /* ChatViewController.swift */; settings = {ASSET_TAGS = (); }; };
		1A0BD61F1B925D4300B61C07 /* DateFormat.swift in Sources */ = {isa = PBXBuildFile; fileRef = 1A0BD6161B925D4300B61C07 /* DateFormat.swift */; settings = {ASSET_TAGS = (); }; };
		1A0BD6201B925D4300B61C07 /* DatePickerPopUp.swift in Sources */ = {isa = PBXBuildFile; fileRef = 1A0BD6171B925D4300B61C07 /* DatePickerPopUp.swift */; settings = {ASSET_TAGS = (); }; };
		1A0BD6211B925D4300B61C07 /* DatePickerPopUp.xib in Resources */ = {isa = PBXBuildFile; fileRef = 1A0BD6181B925D4300B61C07 /* DatePickerPopUp.xib */; settings = {ASSET_TAGS = (); }; };
		1A0BD6221B925D4300B61C07 /* DatePickerViewController.swift in Sources */ = {isa = PBXBuildFile; fileRef = 1A0BD6191B925D4300B61C07 /* DatePickerViewController.swift */; settings = {ASSET_TAGS = (); }; };
		1A0BD6231B925D4300B61C07 /* Friendship.swift in Sources */ = {isa = PBXBuildFile; fileRef = 1A0BD61A1B925D4300B61C07 /* Friendship.swift */; settings = {ASSET_TAGS = (); }; };
		1A0BD6241B925D4300B61C07 /* ImageAsyncFromURL.swift in Sources */ = {isa = PBXBuildFile; fileRef = 1A0BD61B1B925D4300B61C07 /* ImageAsyncFromURL.swift */; settings = {ASSET_TAGS = (); }; };
		1A0BD6341B925D5500B61C07 /* LabelStyle.swift in Sources */ = {isa = PBXBuildFile; fileRef = 1A0BD6251B925D5500B61C07 /* LabelStyle.swift */; settings = {ASSET_TAGS = (); }; };
		1A0BD6351B925D5500B61C07 /* LoginViewController.swift in Sources */ = {isa = PBXBuildFile; fileRef = 1A0BD6261B925D5500B61C07 /* LoginViewController.swift */; settings = {ASSET_TAGS = (); }; };
		1A0BD6361B925D5500B61C07 /* MainAppViewController.swift in Sources */ = {isa = PBXBuildFile; fileRef = 1A0BD6271B925D5500B61C07 /* MainAppViewController.swift */; settings = {ASSET_TAGS = (); }; };
		1A0BD6371B925D5500B61C07 /* MatchesTableViewController.swift in Sources */ = {isa = PBXBuildFile; fileRef = 1A0BD6281B925D5500B61C07 /* MatchesTableViewController.swift */; settings = {ASSET_TAGS = (); }; };
		1A0BD6381B925D5500B61C07 /* NewActivityViewController.swift in Sources */ = {isa = PBXBuildFile; fileRef = 1A0BD6291B925D5500B61C07 /* NewActivityViewController.swift */; settings = {ASSET_TAGS = (); }; };
		1A0BD6391B925D5500B61C07 /* PickerViewController.swift in Sources */ = {isa = PBXBuildFile; fileRef = 1A0BD62A1B925D5500B61C07 /* PickerViewController.swift */; settings = {ASSET_TAGS = (); }; };
		1A0BD63A1B925D5500B61C07 /* PickerViewPickerPopUp.swift in Sources */ = {isa = PBXBuildFile; fileRef = 1A0BD62B1B925D5500B61C07 /* PickerViewPickerPopUp.swift */; settings = {ASSET_TAGS = (); }; };
		1A0BD63B1B925D5500B61C07 /* PickerViewPickerPopUp.xib in Resources */ = {isa = PBXBuildFile; fileRef = 1A0BD62C1B925D5500B61C07 /* PickerViewPickerPopUp.xib */; settings = {ASSET_TAGS = (); }; };
		1A0BD63C1B925D5500B61C07 /* PictureImageView.swift in Sources */ = {isa = PBXBuildFile; fileRef = 1A0BD62D1B925D5500B61C07 /* PictureImageView.swift */; settings = {ASSET_TAGS = (); }; };
		1A0BD63D1B925D5500B61C07 /* SearchTableViewController.swift in Sources */ = {isa = PBXBuildFile; fileRef = 1A0BD62E1B925D5500B61C07 /* SearchTableViewController.swift */; settings = {ASSET_TAGS = (); }; };
		1A0BD63E1B925D5500B61C07 /* SettingsTableViewController.swift in Sources */ = {isa = PBXBuildFile; fileRef = 1A0BD62F1B925D5500B61C07 /* SettingsTableViewController.swift */; settings = {ASSET_TAGS = (); }; };
		1A0BD63F1B925D5500B61C07 /* SignUpViewController.swift in Sources */ = {isa = PBXBuildFile; fileRef = 1A0BD6301B925D5500B61C07 /* SignUpViewController.swift */; settings = {ASSET_TAGS = (); }; };
		1A0BD6401B925D5500B61C07 /* SplashScreen.swift in Sources */ = {isa = PBXBuildFile; fileRef = 1A0BD6311B925D5500B61C07 /* SplashScreen.swift */; settings = {ASSET_TAGS = (); }; };
		1A0BD6411B925D5500B61C07 /* TextFieldStyle.swift in Sources */ = {isa = PBXBuildFile; fileRef = 1A0BD6321B925D5500B61C07 /* TextFieldStyle.swift */; settings = {ASSET_TAGS = (); }; };
		1A0BD6421B925D5500B61C07 /* User.swift in Sources */ = {isa = PBXBuildFile; fileRef = 1A0BD6331B925D5500B61C07 /* User.swift */; settings = {ASSET_TAGS = (); }; };
		1A0BD6521B92665500B61C07 /* DatePickerPopUp.xib in Resources */ = {isa = PBXBuildFile; fileRef = 1A0BD6511B92665500B61C07 /* DatePickerPopUp.xib */; settings = {ASSET_TAGS = (); }; };
		1A0BD6541B92666700B61C07 /* PickerViewPickerPopUp.xib in Resources */ = {isa = PBXBuildFile; fileRef = 1A0BD6531B92666700B61C07 /* PickerViewPickerPopUp.xib */; settings = {ASSET_TAGS = (); }; };
		1A0BD65C1B926A0200B61C07 /* Bolts.framework in Frameworks */ = {isa = PBXBuildFile; fileRef = 1A0BD6571B926A0200B61C07 /* Bolts.framework */; settings = {ASSET_TAGS = (); }; };
		1A0BD65D1B926A0200B61C07 /* Parse.framework in Frameworks */ = {isa = PBXBuildFile; fileRef = 1A0BD6581B926A0200B61C07 /* Parse.framework */; settings = {ASSET_TAGS = (); }; };
		1A0BD65E1B926A0200B61C07 /* ParseCrashReporting.framework in Frameworks */ = {isa = PBXBuildFile; fileRef = 1A0BD6591B926A0200B61C07 /* ParseCrashReporting.framework */; settings = {ASSET_TAGS = (); }; };
		1A0BD65F1B926A0200B61C07 /* ParseFacebookUtilsV4.framework in Frameworks */ = {isa = PBXBuildFile; fileRef = 1A0BD65A1B926A0200B61C07 /* ParseFacebookUtilsV4.framework */; settings = {ASSET_TAGS = (); }; };
		1A0BD6601B926A0200B61C07 /* ParseUI.framework in Frameworks */ = {isa = PBXBuildFile; fileRef = 1A0BD65B1B926A0200B61C07 /* ParseUI.framework */; settings = {ASSET_TAGS = (); }; };
		1A0BD6631B926A3700B61C07 /* FBSDKCoreKit.framework in Frameworks */ = {isa = PBXBuildFile; fileRef = 1A0BD6611B926A3700B61C07 /* FBSDKCoreKit.framework */; settings = {ASSET_TAGS = (); }; };
		1A0BD6641B926A3700B61C07 /* FBSDKLoginKit.framework in Frameworks */ = {isa = PBXBuildFile; fileRef = 1A0BD6621B926A3700B61C07 /* FBSDKLoginKit.framework */; settings = {ASSET_TAGS = (); }; };
		1A0BD6661B926A4800B61C07 /* QuartzCore.framework in Frameworks */ = {isa = PBXBuildFile; fileRef = 1A0BD6651B926A4800B61C07 /* QuartzCore.framework */; };
		1A0BD6681B926A5500B61C07 /* Social.framework in Frameworks */ = {isa = PBXBuildFile; fileRef = 1A0BD6671B926A5500B61C07 /* Social.framework */; };
		1A0BD66A1B926A6000B61C07 /* SystemConfiguration.framework in Frameworks */ = {isa = PBXBuildFile; fileRef = 1A0BD6691B926A6000B61C07 /* SystemConfiguration.framework */; };
		1A0BD66E1B926A8300B61C07 /* MobileCoreServices.framework in Frameworks */ = {isa = PBXBuildFile; fileRef = 1A0BD66D1B926A8300B61C07 /* MobileCoreServices.framework */; };
		1A0BD6701B926A9000B61C07 /* AudioToolbox.framework in Frameworks */ = {isa = PBXBuildFile; fileRef = 1A0BD66F1B926A9000B61C07 /* AudioToolbox.framework */; };
		1A0BD6731B926AD900B61C07 /* libstdc++.6.dylib in Frameworks */ = {isa = PBXBuildFile; fileRef = 1A0BD6711B926AD900B61C07 /* libstdc++.6.dylib */; settings = {ASSET_TAGS = (); }; };
		1A0BD6741B926AD900B61C07 /* libsqlite3.dylib in Frameworks */ = {isa = PBXBuildFile; fileRef = 1A0BD6721B926AD900B61C07 /* libsqlite3.dylib */; settings = {ASSET_TAGS = (); }; };
/* End PBXBuildFile section */

/* Begin PBXContainerItemProxy section */
		1A0BD5E61B925C6A00B61C07 /* PBXContainerItemProxy */ = {
			isa = PBXContainerItemProxy;
			containerPortal = 1A0BD5C91B925C6900B61C07 /* Project object */;
			proxyType = 1;
			remoteGlobalIDString = 1A0BD5D01B925C6900B61C07;
			remoteInfo = AdventureClub;
		};
		1A0BD5F11B925C6A00B61C07 /* PBXContainerItemProxy */ = {
			isa = PBXContainerItemProxy;
			containerPortal = 1A0BD5C91B925C6900B61C07 /* Project object */;
			proxyType = 1;
			remoteGlobalIDString = 1A0BD5D01B925C6900B61C07;
			remoteInfo = AdventureClub;
		};
/* End PBXContainerItemProxy section */

/* Begin PBXFileReference section */
		1A0BD5D11B925C6900B61C07 /* AdventureClub.app */ = {isa = PBXFileReference; explicitFileType = wrapper.application; includeInIndex = 0; path = AdventureClub.app; sourceTree = BUILT_PRODUCTS_DIR; };
		1A0BD5D41B925C6A00B61C07 /* AppDelegate.swift */ = {isa = PBXFileReference; lastKnownFileType = sourcecode.swift; path = AppDelegate.swift; sourceTree = "<group>"; };
		1A0BD5D61B925C6A00B61C07 /* ViewController.swift */ = {isa = PBXFileReference; lastKnownFileType = sourcecode.swift; path = ViewController.swift; sourceTree = "<group>"; };
		1A0BD5D91B925C6A00B61C07 /* Base */ = {isa = PBXFileReference; lastKnownFileType = file.storyboard; name = Base; path = Base.lproj/Main.storyboard; sourceTree = "<group>"; };
		1A0BD5DB1B925C6A00B61C07 /* Assets.xcassets */ = {isa = PBXFileReference; lastKnownFileType = folder.assetcatalog; path = Assets.xcassets; sourceTree = "<group>"; };
		1A0BD5DE1B925C6A00B61C07 /* Base */ = {isa = PBXFileReference; lastKnownFileType = file.storyboard; name = Base; path = Base.lproj/LaunchScreen.storyboard; sourceTree = "<group>"; };
		1A0BD5E01B925C6A00B61C07 /* Info.plist */ = {isa = PBXFileReference; lastKnownFileType = text.plist.xml; path = Info.plist; sourceTree = "<group>"; };
		1A0BD5E51B925C6A00B61C07 /* AdventureClubTests.xctest */ = {isa = PBXFileReference; explicitFileType = wrapper.cfbundle; includeInIndex = 0; path = AdventureClubTests.xctest; sourceTree = BUILT_PRODUCTS_DIR; };
		1A0BD5E91B925C6A00B61C07 /* AdventureClubTests.swift */ = {isa = PBXFileReference; lastKnownFileType = sourcecode.swift; path = AdventureClubTests.swift; sourceTree = "<group>"; };
		1A0BD5EB1B925C6A00B61C07 /* Info.plist */ = {isa = PBXFileReference; lastKnownFileType = text.plist.xml; path = Info.plist; sourceTree = "<group>"; };
		1A0BD5F01B925C6A00B61C07 /* AdventureClubUITests.xctest */ = {isa = PBXFileReference; explicitFileType = wrapper.cfbundle; includeInIndex = 0; path = AdventureClubUITests.xctest; sourceTree = BUILT_PRODUCTS_DIR; };
		1A0BD5F41B925C6A00B61C07 /* AdventureClubUITests.swift */ = {isa = PBXFileReference; lastKnownFileType = sourcecode.swift; path = AdventureClubUITests.swift; sourceTree = "<group>"; };
		1A0BD5F61B925C6A00B61C07 /* Info.plist */ = {isa = PBXFileReference; lastKnownFileType = text.plist.xml; path = Info.plist; sourceTree = "<group>"; };
		1A0BD6021B925D1300B61C07 /* ActivitiesTableViewController.swift */ = {isa = PBXFileReference; fileEncoding = 4; lastKnownFileType = sourcecode.swift; path = ActivitiesTableViewController.swift; sourceTree = "<group>"; };
		1A0BD6031B925D1300B61C07 /* ActivityCard.swift */ = {isa = PBXFileReference; fileEncoding = 4; lastKnownFileType = sourcecode.swift; path = ActivityCard.swift; sourceTree = "<group>"; };
		1A0BD6041B925D1300B61C07 /* ActivityCard.xib */ = {isa = PBXFileReference; fileEncoding = 4; lastKnownFileType = file.xib; path = ActivityCard.xib; sourceTree = "<group>"; };
		1A0BD6051B925D1300B61C07 /* ActivityCardView.swift */ = {isa = PBXFileReference; fileEncoding = 4; lastKnownFileType = sourcecode.swift; path = ActivityCardView.swift; sourceTree = "<group>"; };
		1A0BD6061B925D1300B61C07 /* ActivityModel.swift */ = {isa = PBXFileReference; fileEncoding = 4; lastKnownFileType = sourcecode.swift; path = ActivityModel.swift; sourceTree = "<group>"; };
		1A0BD6071B925D1300B61C07 /* ActivityTableViewCell.swift */ = {isa = PBXFileReference; fileEncoding = 4; lastKnownFileType = sourcecode.swift; path = ActivityTableViewCell.swift; sourceTree = "<group>"; };
		1A0BD6081B925D1300B61C07 /* APIKeys.swift */ = {isa = PBXFileReference; fileEncoding = 4; lastKnownFileType = sourcecode.swift; path = APIKeys.swift; sourceTree = "<group>"; };
		1A0BD6101B925D2C00B61C07 /* BackgroundView.swift */ = {isa = PBXFileReference; fileEncoding = 4; lastKnownFileType = sourcecode.swift; path = BackgroundView.swift; sourceTree = "<group>"; };
		1A0BD6121B925D4300B61C07 /* BuddiesTableViewController.swift */ = {isa = PBXFileReference; fileEncoding = 4; lastKnownFileType = sourcecode.swift; path = BuddiesTableViewController.swift; sourceTree = "<group>"; };
		1A0BD6141B925D4300B61C07 /* ButtonStyle.swift */ = {isa = PBXFileReference; fileEncoding = 4; lastKnownFileType = sourcecode.swift; path = ButtonStyle.swift; sourceTree = "<group>"; };
		1A0BD6151B925D4300B61C07 /* ChatViewController.swift */ = {isa = PBXFileReference; fileEncoding = 4; lastKnownFileType = sourcecode.swift; path = ChatViewController.swift; sourceTree = "<group>"; };
		1A0BD6161B925D4300B61C07 /* DateFormat.swift */ = {isa = PBXFileReference; fileEncoding = 4; lastKnownFileType = sourcecode.swift; path = DateFormat.swift; sourceTree = "<group>"; };
		1A0BD6171B925D4300B61C07 /* DatePickerPopUp.swift */ = {isa = PBXFileReference; fileEncoding = 4; lastKnownFileType = sourcecode.swift; path = DatePickerPopUp.swift; sourceTree = "<group>"; };
		1A0BD6181B925D4300B61C07 /* DatePickerPopUp.xib */ = {isa = PBXFileReference; fileEncoding = 4; lastKnownFileType = file.xib; path = DatePickerPopUp.xib; sourceTree = "<group>"; };
		1A0BD6191B925D4300B61C07 /* DatePickerViewController.swift */ = {isa = PBXFileReference; fileEncoding = 4; lastKnownFileType = sourcecode.swift; path = DatePickerViewController.swift; sourceTree = "<group>"; };
		1A0BD61A1B925D4300B61C07 /* Friendship.swift */ = {isa = PBXFileReference; fileEncoding = 4; lastKnownFileType = sourcecode.swift; path = Friendship.swift; sourceTree = "<group>"; };
		1A0BD61B1B925D4300B61C07 /* ImageAsyncFromURL.swift */ = {isa = PBXFileReference; fileEncoding = 4; lastKnownFileType = sourcecode.swift; path = ImageAsyncFromURL.swift; sourceTree = "<group>"; };
		1A0BD6251B925D5500B61C07 /* LabelStyle.swift */ = {isa = PBXFileReference; fileEncoding = 4; lastKnownFileType = sourcecode.swift; path = LabelStyle.swift; sourceTree = "<group>"; };
		1A0BD6261B925D5500B61C07 /* LoginViewController.swift */ = {isa = PBXFileReference; fileEncoding = 4; lastKnownFileType = sourcecode.swift; path = LoginViewController.swift; sourceTree = "<group>"; };
		1A0BD6271B925D5500B61C07 /* MainAppViewController.swift */ = {isa = PBXFileReference; fileEncoding = 4; lastKnownFileType = sourcecode.swift; path = MainAppViewController.swift; sourceTree = "<group>"; };
		1A0BD6281B925D5500B61C07 /* MatchesTableViewController.swift */ = {isa = PBXFileReference; fileEncoding = 4; lastKnownFileType = sourcecode.swift; path = MatchesTableViewController.swift; sourceTree = "<group>"; };
		1A0BD6291B925D5500B61C07 /* NewActivityViewController.swift */ = {isa = PBXFileReference; fileEncoding = 4; lastKnownFileType = sourcecode.swift; path = NewActivityViewController.swift; sourceTree = "<group>"; };
		1A0BD62A1B925D5500B61C07 /* PickerViewController.swift */ = {isa = PBXFileReference; fileEncoding = 4; lastKnownFileType = sourcecode.swift; path = PickerViewController.swift; sourceTree = "<group>"; };
		1A0BD62B1B925D5500B61C07 /* PickerViewPickerPopUp.swift */ = {isa = PBXFileReference; fileEncoding = 4; lastKnownFileType = sourcecode.swift; path = PickerViewPickerPopUp.swift; sourceTree = "<group>"; };
		1A0BD62C1B925D5500B61C07 /* PickerViewPickerPopUp.xib */ = {isa = PBXFileReference; fileEncoding = 4; lastKnownFileType = file.xib; path = PickerViewPickerPopUp.xib; sourceTree = "<group>"; };
		1A0BD62D1B925D5500B61C07 /* PictureImageView.swift */ = {isa = PBXFileReference; fileEncoding = 4; lastKnownFileType = sourcecode.swift; path = PictureImageView.swift; sourceTree = "<group>"; };
		1A0BD62E1B925D5500B61C07 /* SearchTableViewController.swift */ = {isa = PBXFileReference; fileEncoding = 4; lastKnownFileType = sourcecode.swift; path = SearchTableViewController.swift; sourceTree = "<group>"; };
		1A0BD62F1B925D5500B61C07 /* SettingsTableViewController.swift */ = {isa = PBXFileReference; fileEncoding = 4; lastKnownFileType = sourcecode.swift; path = SettingsTableViewController.swift; sourceTree = "<group>"; };
		1A0BD6301B925D5500B61C07 /* SignUpViewController.swift */ = {isa = PBXFileReference; fileEncoding = 4; lastKnownFileType = sourcecode.swift; path = SignUpViewController.swift; sourceTree = "<group>"; };
		1A0BD6311B925D5500B61C07 /* SplashScreen.swift */ = {isa = PBXFileReference; fileEncoding = 4; lastKnownFileType = sourcecode.swift; path = SplashScreen.swift; sourceTree = "<group>"; };
		1A0BD6321B925D5500B61C07 /* TextFieldStyle.swift */ = {isa = PBXFileReference; fileEncoding = 4; lastKnownFileType = sourcecode.swift; path = TextFieldStyle.swift; sourceTree = "<group>"; };
		1A0BD6331B925D5500B61C07 /* User.swift */ = {isa = PBXFileReference; fileEncoding = 4; lastKnownFileType = sourcecode.swift; path = User.swift; sourceTree = "<group>"; };
		1A0BD6511B92665500B61C07 /* DatePickerPopUp.xib */ = {isa = PBXFileReference; fileEncoding = 4; lastKnownFileType = file.xib; path = DatePickerPopUp.xib; sourceTree = "<group>"; };
		1A0BD6531B92666700B61C07 /* PickerViewPickerPopUp.xib */ = {isa = PBXFileReference; fileEncoding = 4; lastKnownFileType = file.xib; path = PickerViewPickerPopUp.xib; sourceTree = "<group>"; };
		1A0BD6571B926A0200B61C07 /* Bolts.framework */ = {isa = PBXFileReference; lastKnownFileType = wrapper.framework; path = Bolts.framework; sourceTree = "<group>"; };
		1A0BD6581B926A0200B61C07 /* Parse.framework */ = {isa = PBXFileReference; lastKnownFileType = wrapper.framework; path = Parse.framework; sourceTree = "<group>"; };
		1A0BD6591B926A0200B61C07 /* ParseCrashReporting.framework */ = {isa = PBXFileReference; lastKnownFileType = wrapper.framework; path = ParseCrashReporting.framework; sourceTree = "<group>"; };
		1A0BD65A1B926A0200B61C07 /* ParseFacebookUtilsV4.framework */ = {isa = PBXFileReference; lastKnownFileType = wrapper.framework; path = ParseFacebookUtilsV4.framework; sourceTree = "<group>"; };
		1A0BD65B1B926A0200B61C07 /* ParseUI.framework */ = {isa = PBXFileReference; lastKnownFileType = wrapper.framework; path = ParseUI.framework; sourceTree = "<group>"; };
		1A0BD6611B926A3700B61C07 /* FBSDKCoreKit.framework */ = {isa = PBXFileReference; lastKnownFileType = wrapper.framework; path = FBSDKCoreKit.framework; sourceTree = "<group>"; };
		1A0BD6621B926A3700B61C07 /* FBSDKLoginKit.framework */ = {isa = PBXFileReference; lastKnownFileType = wrapper.framework; path = FBSDKLoginKit.framework; sourceTree = "<group>"; };
		1A0BD6651B926A4800B61C07 /* QuartzCore.framework */ = {isa = PBXFileReference; lastKnownFileType = wrapper.framework; name = QuartzCore.framework; path = System/Library/Frameworks/QuartzCore.framework; sourceTree = SDKROOT; };
		1A0BD6671B926A5500B61C07 /* Social.framework */ = {isa = PBXFileReference; lastKnownFileType = wrapper.framework; name = Social.framework; path = System/Library/Frameworks/Social.framework; sourceTree = SDKROOT; };
		1A0BD6691B926A6000B61C07 /* SystemConfiguration.framework */ = {isa = PBXFileReference; lastKnownFileType = wrapper.framework; name = SystemConfiguration.framework; path = System/Library/Frameworks/SystemConfiguration.framework; sourceTree = SDKROOT; };
		1A0BD66D1B926A8300B61C07 /* MobileCoreServices.framework */ = {isa = PBXFileReference; lastKnownFileType = wrapper.framework; name = MobileCoreServices.framework; path = System/Library/Frameworks/MobileCoreServices.framework; sourceTree = SDKROOT; };
		1A0BD66F1B926A9000B61C07 /* AudioToolbox.framework */ = {isa = PBXFileReference; lastKnownFileType = wrapper.framework; name = AudioToolbox.framework; path = System/Library/Frameworks/AudioToolbox.framework; sourceTree = SDKROOT; };
		1A0BD6711B926AD900B61C07 /* libstdc++.6.dylib */ = {isa = PBXFileReference; lastKnownFileType = "compiled.mach-o.dylib"; path = "libstdc++.6.dylib"; sourceTree = "<group>"; };
		1A0BD6721B926AD900B61C07 /* libsqlite3.dylib */ = {isa = PBXFileReference; lastKnownFileType = "compiled.mach-o.dylib"; path = libsqlite3.dylib; sourceTree = "<group>"; };
		1A0BD6761B92812400B61C07 /* AdventureClub-Bridging-Header.h */ = {isa = PBXFileReference; lastKnownFileType = sourcecode.c.h; path = "AdventureClub-Bridging-Header.h"; sourceTree = "<group>"; };
/* End PBXFileReference section */

/* Begin PBXFrameworksBuildPhase section */
		1A0BD5CE1B925C6900B61C07 /* Frameworks */ = {
			isa = PBXFrameworksBuildPhase;
			buildActionMask = 2147483647;
			files = (
				1A0BD6731B926AD900B61C07 /* libstdc++.6.dylib in Frameworks */,
				1A0BD6701B926A9000B61C07 /* AudioToolbox.framework in Frameworks */,
				1A0BD66E1B926A8300B61C07 /* MobileCoreServices.framework in Frameworks */,
				1A0BD66A1B926A6000B61C07 /* SystemConfiguration.framework in Frameworks */,
				1A0BD6681B926A5500B61C07 /* Social.framework in Frameworks */,
				1A0BD6661B926A4800B61C07 /* QuartzCore.framework in Frameworks */,
				1A0BD65D1B926A0200B61C07 /* Parse.framework in Frameworks */,
				1A0BD6631B926A3700B61C07 /* FBSDKCoreKit.framework in Frameworks */,
				1A0BD65E1B926A0200B61C07 /* ParseCrashReporting.framework in Frameworks */,
				1A0BD6601B926A0200B61C07 /* ParseUI.framework in Frameworks */,
				1A0BD6641B926A3700B61C07 /* FBSDKLoginKit.framework in Frameworks */,
				1A0BD65F1B926A0200B61C07 /* ParseFacebookUtilsV4.framework in Frameworks */,
				1A0BD6741B926AD900B61C07 /* libsqlite3.dylib in Frameworks */,
				1A0BD65C1B926A0200B61C07 /* Bolts.framework in Frameworks */,
			);
			runOnlyForDeploymentPostprocessing = 0;
		};
		1A0BD5E21B925C6A00B61C07 /* Frameworks */ = {
			isa = PBXFrameworksBuildPhase;
			buildActionMask = 2147483647;
			files = (
			);
			runOnlyForDeploymentPostprocessing = 0;
		};
		1A0BD5ED1B925C6A00B61C07 /* Frameworks */ = {
			isa = PBXFrameworksBuildPhase;
			buildActionMask = 2147483647;
			files = (
			);
			runOnlyForDeploymentPostprocessing = 0;
		};
/* End PBXFrameworksBuildPhase section */

/* Begin PBXGroup section */
		1A0BD5C81B925C6900B61C07 = {
			isa = PBXGroup;
			children = (
				1A0BD5D31B925C6900B61C07 /* AdventureClub */,
				1A0BD5E81B925C6A00B61C07 /* AdventureClubTests */,
				1A0BD5F31B925C6A00B61C07 /* AdventureClubUITests */,
				1A0BD5D21B925C6900B61C07 /* Products */,
			);
			sourceTree = "<group>";
		};
		1A0BD5D21B925C6900B61C07 /* Products */ = {
			isa = PBXGroup;
			children = (
				1A0BD5D11B925C6900B61C07 /* AdventureClub.app */,
				1A0BD5E51B925C6A00B61C07 /* AdventureClubTests.xctest */,
				1A0BD5F01B925C6A00B61C07 /* AdventureClubUITests.xctest */,
			);
			name = Products;
			sourceTree = "<group>";
		};
		1A0BD5D31B925C6900B61C07 /* AdventureClub */ = {
			isa = PBXGroup;
			children = (
				1A0BD6431B925D6200B61C07 /* Frameworks */,
				1A0BD6441B9262D800B61C07 /* Models */,
				1A0BD5D41B925C6A00B61C07 /* AppDelegate.swift */,
				1A0BD5D61B925C6A00B61C07 /* ViewController.swift */,
				1A0BD5D81B925C6A00B61C07 /* Main.storyboard */,
				1A0BD5DB1B925C6A00B61C07 /* Assets.xcassets */,
				1A0BD6311B925D5500B61C07 /* SplashScreen.swift */,
				1A0BD5DD1B925C6A00B61C07 /* LaunchScreen.storyboard */,
				1A0BD5E01B925C6A00B61C07 /* Info.plist */,
			);
			path = AdventureClub;
			sourceTree = "<group>";
		};
		1A0BD5E81B925C6A00B61C07 /* AdventureClubTests */ = {
			isa = PBXGroup;
			children = (
				1A0BD6761B92812400B61C07 /* AdventureClub-Bridging-Header.h */,
				1A0BD5E91B925C6A00B61C07 /* AdventureClubTests.swift */,
				1A0BD5EB1B925C6A00B61C07 /* Info.plist */,
			);
			path = AdventureClubTests;
			sourceTree = "<group>";
		};
		1A0BD5F31B925C6A00B61C07 /* AdventureClubUITests */ = {
			isa = PBXGroup;
			children = (
				1A0BD5F41B925C6A00B61C07 /* AdventureClubUITests.swift */,
				1A0BD5F61B925C6A00B61C07 /* Info.plist */,
			);
			path = AdventureClubUITests;
			sourceTree = "<group>";
		};
		1A0BD6431B925D6200B61C07 /* Frameworks */ = {
			isa = PBXGroup;
			children = (
				1A0BD6711B926AD900B61C07 /* libstdc++.6.dylib */,
				1A0BD6721B926AD900B61C07 /* libsqlite3.dylib */,
				1A0BD66F1B926A9000B61C07 /* AudioToolbox.framework */,
				1A0BD66D1B926A8300B61C07 /* MobileCoreServices.framework */,
				1A0BD6691B926A6000B61C07 /* SystemConfiguration.framework */,
				1A0BD6671B926A5500B61C07 /* Social.framework */,
				1A0BD6651B926A4800B61C07 /* QuartzCore.framework */,
				1A0BD6611B926A3700B61C07 /* FBSDKCoreKit.framework */,
				1A0BD6621B926A3700B61C07 /* FBSDKLoginKit.framework */,
				1A0BD6571B926A0200B61C07 /* Bolts.framework */,
				1A0BD6581B926A0200B61C07 /* Parse.framework */,
				1A0BD6591B926A0200B61C07 /* ParseCrashReporting.framework */,
				1A0BD65A1B926A0200B61C07 /* ParseFacebookUtilsV4.framework */,
				1A0BD65B1B926A0200B61C07 /* ParseUI.framework */,
			);
			name = Frameworks;
			sourceTree = "<group>";
		};
		1A0BD6441B9262D800B61C07 /* Models */ = {
			isa = PBXGroup;
			children = (
				1A0BD6561B92675600B61C07 /* Users and Friendship */,
				1A0BD6551B9266AC00B61C07 /* Data */,
				1A0BD6491B9263D900B61C07 /* Extensions */,
				1A0BD6481B92631F00B61C07 /* PopUp Pickers */,
				1A0BD6471B92630E00B61C07 /* Activities */,
				1A0BD6461B9262FF00B61C07 /* Element and Design Styling */,
				1A0BD64A1B92648B00B61C07 /* ViewControllers */,
			);
			name = Models;
			sourceTree = "<group>";
		};
		1A0BD6461B9262FF00B61C07 /* Element and Design Styling */ = {
			isa = PBXGroup;
			children = (
				1A0BD6101B925D2C00B61C07 /* BackgroundView.swift */,
				1A0BD6051B925D1300B61C07 /* ActivityCardView.swift */,
				1A0BD6251B925D5500B61C07 /* LabelStyle.swift */,
				1A0BD62D1B925D5500B61C07 /* PictureImageView.swift */,
				1A0BD6321B925D5500B61C07 /* TextFieldStyle.swift */,
				1A0BD6141B925D4300B61C07 /* ButtonStyle.swift */,
			);
			name = "Element and Design Styling";
			sourceTree = "<group>";
		};
		1A0BD6471B92630E00B61C07 /* Activities */ = {
			isa = PBXGroup;
			children = (
				1A0BD6061B925D1300B61C07 /* ActivityModel.swift */,
				1A0BD6071B925D1300B61C07 /* ActivityTableViewCell.swift */,
			);
			name = Activities;
			sourceTree = "<group>";
		};
		1A0BD6481B92631F00B61C07 /* PopUp Pickers */ = {
			isa = PBXGroup;
			children = (
				1A0BD62B1B925D5500B61C07 /* PickerViewPickerPopUp.swift */,
				1A0BD62C1B925D5500B61C07 /* PickerViewPickerPopUp.xib */,
				1A0BD6161B925D4300B61C07 /* DateFormat.swift */,
				1A0BD6171B925D4300B61C07 /* DatePickerPopUp.swift */,
				1A0BD6181B925D4300B61C07 /* DatePickerPopUp.xib */,
			);
			name = "PopUp Pickers";
			sourceTree = "<group>";
		};
		1A0BD6491B9263D900B61C07 /* Extensions */ = {
			isa = PBXGroup;
			children = (
				1A0BD61B1B925D4300B61C07 /* ImageAsyncFromURL.swift */,
			);
			name = Extensions;
			sourceTree = "<group>";
		};
		1A0BD64A1B92648B00B61C07 /* ViewControllers */ = {
			isa = PBXGroup;
			children = (
				1A0BD6501B9264DB00B61C07 /* PopUp Congtrollers */,
				1A0BD64F1B9264CE00B61C07 /* Login Sign Up */,
				1A0BD64E1B9264C100B61C07 /* Activities */,
				1A0BD64D1B9264AA00B61C07 /* Searches */,
				1A0BD64C1B9264A400B61C07 /* Settings */,
				1A0BD64B1B92649D00B61C07 /* Main App */,
			);
			name = ViewControllers;
			sourceTree = "<group>";
		};
		1A0BD64B1B92649D00B61C07 /* Main App */ = {
			isa = PBXGroup;
			children = (
				1A0BD6271B925D5500B61C07 /* MainAppViewController.swift */,
				1A0BD6281B925D5500B61C07 /* MatchesTableViewController.swift */,
				1A0BD6121B925D4300B61C07 /* BuddiesTableViewController.swift */,
				1A0BD6151B925D4300B61C07 /* ChatViewController.swift */,
			);
			name = "Main App";
			sourceTree = "<group>";
		};
		1A0BD64C1B9264A400B61C07 /* Settings */ = {
			isa = PBXGroup;
			children = (
				1A0BD62F1B925D5500B61C07 /* SettingsTableViewController.swift */,
			);
			name = Settings;
			sourceTree = "<group>";
		};
		1A0BD64D1B9264AA00B61C07 /* Searches */ = {
			isa = PBXGroup;
			children = (
				1A0BD62E1B925D5500B61C07 /* SearchTableViewController.swift */,
			);
			name = Searches;
			sourceTree = "<group>";
		};
		1A0BD64E1B9264C100B61C07 /* Activities */ = {
			isa = PBXGroup;
			children = (
				1A0BD6021B925D1300B61C07 /* ActivitiesTableViewController.swift */,
				1A0BD6291B925D5500B61C07 /* NewActivityViewController.swift */,
			);
			name = Activities;
			sourceTree = "<group>";
		};
		1A0BD64F1B9264CE00B61C07 /* Login Sign Up */ = {
			isa = PBXGroup;
			children = (
				1A0BD6261B925D5500B61C07 /* LoginViewController.swift */,
				1A0BD6301B925D5500B61C07 /* SignUpViewController.swift */,
			);
			name = "Login Sign Up";
			sourceTree = "<group>";
		};
		1A0BD6501B9264DB00B61C07 /* PopUp Congtrollers */ = {
			isa = PBXGroup;
			children = (
				1A0BD6531B92666700B61C07 /* PickerViewPickerPopUp.xib */,
				1A0BD6511B92665500B61C07 /* DatePickerPopUp.xib */,
				1A0BD62A1B925D5500B61C07 /* PickerViewController.swift */,
				1A0BD6191B925D4300B61C07 /* DatePickerViewController.swift */,
			);
			name = "PopUp Congtrollers";
			sourceTree = "<group>";
		};
		1A0BD6551B9266AC00B61C07 /* Data */ = {
			isa = PBXGroup;
			children = (
				1A0BD6081B925D1300B61C07 /* APIKeys.swift */,
				1A0BD6031B925D1300B61C07 /* ActivityCard.swift */,
				1A0BD6041B925D1300B61C07 /* ActivityCard.xib */,
			);
			name = Data;
			sourceTree = "<group>";
		};
		1A0BD6561B92675600B61C07 /* Users and Friendship */ = {
			isa = PBXGroup;
			children = (
				1A0BD6331B925D5500B61C07 /* User.swift */,
				1A0BD61A1B925D4300B61C07 /* Friendship.swift */,
			);
			name = "Users and Friendship";
			sourceTree = "<group>";
		};
/* End PBXGroup section */

/* Begin PBXNativeTarget section */
		1A0BD5D01B925C6900B61C07 /* AdventureClub */ = {
			isa = PBXNativeTarget;
			buildConfigurationList = 1A0BD5F91B925C6A00B61C07 /* Build configuration list for PBXNativeTarget "AdventureClub" */;
			buildPhases = (
				1A0BD5CD1B925C6900B61C07 /* Sources */,
				1A0BD5CE1B925C6900B61C07 /* Frameworks */,
				1A0BD5CF1B925C6900B61C07 /* Resources */,
			);
			buildRules = (
			);
			dependencies = (
			);
			name = AdventureClub;
			productName = AdventureClub;
			productReference = 1A0BD5D11B925C6900B61C07 /* AdventureClub.app */;
			productType = "com.apple.product-type.application";
		};
		1A0BD5E41B925C6A00B61C07 /* AdventureClubTests */ = {
			isa = PBXNativeTarget;
			buildConfigurationList = 1A0BD5FC1B925C6A00B61C07 /* Build configuration list for PBXNativeTarget "AdventureClubTests" */;
			buildPhases = (
				1A0BD5E11B925C6A00B61C07 /* Sources */,
				1A0BD5E21B925C6A00B61C07 /* Frameworks */,
				1A0BD5E31B925C6A00B61C07 /* Resources */,
			);
			buildRules = (
			);
			dependencies = (
				1A0BD5E71B925C6A00B61C07 /* PBXTargetDependency */,
			);
			name = AdventureClubTests;
			productName = AdventureClubTests;
			productReference = 1A0BD5E51B925C6A00B61C07 /* AdventureClubTests.xctest */;
			productType = "com.apple.product-type.bundle.unit-test";
		};
		1A0BD5EF1B925C6A00B61C07 /* AdventureClubUITests */ = {
			isa = PBXNativeTarget;
			buildConfigurationList = 1A0BD5FF1B925C6A00B61C07 /* Build configuration list for PBXNativeTarget "AdventureClubUITests" */;
			buildPhases = (
				1A0BD5EC1B925C6A00B61C07 /* Sources */,
				1A0BD5ED1B925C6A00B61C07 /* Frameworks */,
				1A0BD5EE1B925C6A00B61C07 /* Resources */,
			);
			buildRules = (
			);
			dependencies = (
				1A0BD5F21B925C6A00B61C07 /* PBXTargetDependency */,
			);
			name = AdventureClubUITests;
			productName = AdventureClubUITests;
			productReference = 1A0BD5F01B925C6A00B61C07 /* AdventureClubUITests.xctest */;
			productType = "com.apple.product-type.bundle.ui-testing";
		};
/* End PBXNativeTarget section */

/* Begin PBXProject section */
		1A0BD5C91B925C6900B61C07 /* Project object */ = {
			isa = PBXProject;
			attributes = {
				LastSwiftMigration = 0700;
				LastUpgradeCheck = 0700;
				ORGANIZATIONNAME = "Yung Dai";
				TargetAttributes = {
					1A0BD5D01B925C6900B61C07 = {
						CreatedOnToolsVersion = 7.0;
						SystemCapabilities = {
							com.apple.BackgroundModes = {
								enabled = 1;
							};
						};
					};
					1A0BD5E41B925C6A00B61C07 = {
						CreatedOnToolsVersion = 7.0;
						TestTargetID = 1A0BD5D01B925C6900B61C07;
					};
					1A0BD5EF1B925C6A00B61C07 = {
						CreatedOnToolsVersion = 7.0;
						TestTargetID = 1A0BD5D01B925C6900B61C07;
					};
				};
			};
			buildConfigurationList = 1A0BD5CC1B925C6900B61C07 /* Build configuration list for PBXProject "AdventureClub" */;
			compatibilityVersion = "Xcode 3.2";
			developmentRegion = English;
			hasScannedForEncodings = 0;
			knownRegions = (
				en,
				Base,
			);
			mainGroup = 1A0BD5C81B925C6900B61C07;
			productRefGroup = 1A0BD5D21B925C6900B61C07 /* Products */;
			projectDirPath = "";
			projectRoot = "";
			targets = (
				1A0BD5D01B925C6900B61C07 /* AdventureClub */,
				1A0BD5E41B925C6A00B61C07 /* AdventureClubTests */,
				1A0BD5EF1B925C6A00B61C07 /* AdventureClubUITests */,
			);
		};
/* End PBXProject section */

/* Begin PBXResourcesBuildPhase section */
		1A0BD5CF1B925C6900B61C07 /* Resources */ = {
			isa = PBXResourcesBuildPhase;
			buildActionMask = 2147483647;
			files = (
				1A0BD60B1B925D1300B61C07 /* ActivityCard.xib in Resources */,
				1A0BD63B1B925D5500B61C07 /* PickerViewPickerPopUp.xib in Resources */,
				1A0BD6521B92665500B61C07 /* DatePickerPopUp.xib in Resources */,
				1A0BD6211B925D4300B61C07 /* DatePickerPopUp.xib in Resources */,
				1A0BD5DF1B925C6A00B61C07 /* LaunchScreen.storyboard in Resources */,
				1A0BD6541B92666700B61C07 /* PickerViewPickerPopUp.xib in Resources */,
				1A0BD5DC1B925C6A00B61C07 /* Assets.xcassets in Resources */,
				1A0BD5DA1B925C6A00B61C07 /* Main.storyboard in Resources */,
			);
			runOnlyForDeploymentPostprocessing = 0;
		};
		1A0BD5E31B925C6A00B61C07 /* Resources */ = {
			isa = PBXResourcesBuildPhase;
			buildActionMask = 2147483647;
			files = (
			);
			runOnlyForDeploymentPostprocessing = 0;
		};
		1A0BD5EE1B925C6A00B61C07 /* Resources */ = {
			isa = PBXResourcesBuildPhase;
			buildActionMask = 2147483647;
			files = (
			);
			runOnlyForDeploymentPostprocessing = 0;
		};
/* End PBXResourcesBuildPhase section */

/* Begin PBXSourcesBuildPhase section */
		1A0BD5CD1B925C6900B61C07 /* Sources */ = {
			isa = PBXSourcesBuildPhase;
			buildActionMask = 2147483647;
			files = (
				1A0BD6111B925D2C00B61C07 /* BackgroundView.swift in Sources */,
				1A0BD60A1B925D1300B61C07 /* ActivityCard.swift in Sources */,
				1A0BD6091B925D1300B61C07 /* ActivitiesTableViewController.swift in Sources */,
				1A0BD6411B925D5500B61C07 /* TextFieldStyle.swift in Sources */,
				1A0BD6421B925D5500B61C07 /* User.swift in Sources */,
				1A0BD60D1B925D1300B61C07 /* ActivityModel.swift in Sources */,
				1A0BD6391B925D5500B61C07 /* PickerViewController.swift in Sources */,
				1A0BD6351B925D5500B61C07 /* LoginViewController.swift in Sources */,
				1A0BD6201B925D4300B61C07 /* DatePickerPopUp.swift in Sources */,
				1A0BD61C1B925D4300B61C07 /* BuddiesTableViewController.swift in Sources */,
				1A0BD5D71B925C6A00B61C07 /* ViewController.swift in Sources */,
				1A0BD6401B925D5500B61C07 /* SplashScreen.swift in Sources */,
				1A0BD6381B925D5500B61C07 /* NewActivityViewController.swift in Sources */,
				1A0BD6231B925D4300B61C07 /* Friendship.swift in Sources */,
				1A0BD61F1B925D4300B61C07 /* DateFormat.swift in Sources */,
				1A0BD60E1B925D1300B61C07 /* ActivityTableViewCell.swift in Sources */,
				1A0BD6371B925D5500B61C07 /* MatchesTableViewController.swift in Sources */,
				1A0BD63C1B925D5500B61C07 /* PictureImageView.swift in Sources */,
				1A0BD5D51B925C6A00B61C07 /* AppDelegate.swift in Sources */,
				1A0BD60F1B925D1300B61C07 /* APIKeys.swift in Sources */,
				1A0BD63E1B925D5500B61C07 /* SettingsTableViewController.swift in Sources */,
				1A0BD6221B925D4300B61C07 /* DatePickerViewController.swift in Sources */,
				1A0BD63A1B925D5500B61C07 /* PickerViewPickerPopUp.swift in Sources */,
				1A0BD61D1B925D4300B61C07 /* ButtonStyle.swift in Sources */,
				1A0BD6241B925D4300B61C07 /* ImageAsyncFromURL.swift in Sources */,
				1A0BD63F1B925D5500B61C07 /* SignUpViewController.swift in Sources */,
				1A0BD61E1B925D4300B61C07 /* ChatViewController.swift in Sources */,
				1A0BD6341B925D5500B61C07 /* LabelStyle.swift in Sources */,
				1A0BD63D1B925D5500B61C07 /* SearchTableViewController.swift in Sources */,
				1A0BD60C1B925D1300B61C07 /* ActivityCardView.swift in Sources */,
				1A0BD6361B925D5500B61C07 /* MainAppViewController.swift in Sources */,
			);
			runOnlyForDeploymentPostprocessing = 0;
		};
		1A0BD5E11B925C6A00B61C07 /* Sources */ = {
			isa = PBXSourcesBuildPhase;
			buildActionMask = 2147483647;
			files = (
				1A0BD5EA1B925C6A00B61C07 /* AdventureClubTests.swift in Sources */,
			);
			runOnlyForDeploymentPostprocessing = 0;
		};
		1A0BD5EC1B925C6A00B61C07 /* Sources */ = {
			isa = PBXSourcesBuildPhase;
			buildActionMask = 2147483647;
			files = (
				1A0BD5F51B925C6A00B61C07 /* AdventureClubUITests.swift in Sources */,
			);
			runOnlyForDeploymentPostprocessing = 0;
		};
/* End PBXSourcesBuildPhase section */

/* Begin PBXTargetDependency section */
		1A0BD5E71B925C6A00B61C07 /* PBXTargetDependency */ = {
			isa = PBXTargetDependency;
			target = 1A0BD5D01B925C6900B61C07 /* AdventureClub */;
			targetProxy = 1A0BD5E61B925C6A00B61C07 /* PBXContainerItemProxy */;
		};
		1A0BD5F21B925C6A00B61C07 /* PBXTargetDependency */ = {
			isa = PBXTargetDependency;
			target = 1A0BD5D01B925C6900B61C07 /* AdventureClub */;
			targetProxy = 1A0BD5F11B925C6A00B61C07 /* PBXContainerItemProxy */;
		};
/* End PBXTargetDependency section */

/* Begin PBXVariantGroup section */
		1A0BD5D81B925C6A00B61C07 /* Main.storyboard */ = {
			isa = PBXVariantGroup;
			children = (
				1A0BD5D91B925C6A00B61C07 /* Base */,
			);
			name = Main.storyboard;
			sourceTree = "<group>";
		};
		1A0BD5DD1B925C6A00B61C07 /* LaunchScreen.storyboard */ = {
			isa = PBXVariantGroup;
			children = (
				1A0BD5DE1B925C6A00B61C07 /* Base */,
			);
			name = LaunchScreen.storyboard;
			sourceTree = "<group>";
		};
/* End PBXVariantGroup section */

/* Begin XCBuildConfiguration section */
		1A0BD5F71B925C6A00B61C07 /* Debug */ = {
			isa = XCBuildConfiguration;
			buildSettings = {
				ALWAYS_SEARCH_USER_PATHS = NO;
				CLANG_CXX_LANGUAGE_STANDARD = "gnu++0x";
				CLANG_CXX_LIBRARY = "libc++";
				CLANG_ENABLE_MODULES = YES;
				CLANG_ENABLE_OBJC_ARC = YES;
				CLANG_WARN_BOOL_CONVERSION = YES;
				CLANG_WARN_CONSTANT_CONVERSION = YES;
				CLANG_WARN_DIRECT_OBJC_ISA_USAGE = YES_ERROR;
				CLANG_WARN_EMPTY_BODY = YES;
				CLANG_WARN_ENUM_CONVERSION = YES;
				CLANG_WARN_INT_CONVERSION = YES;
				CLANG_WARN_OBJC_ROOT_CLASS = YES_ERROR;
				CLANG_WARN_UNREACHABLE_CODE = YES;
				CLANG_WARN__DUPLICATE_METHOD_MATCH = YES;
				CODE_SIGN_IDENTITY = "Apple Development IOS Push Services: com.yungdai.AdventureClub";
				"CODE_SIGN_IDENTITY[sdk=iphoneos*]" = "iPhone Developer";
				COPY_PHASE_STRIP = NO;
				DEBUG_INFORMATION_FORMAT = dwarf;
				ENABLE_STRICT_OBJC_MSGSEND = YES;
				ENABLE_TESTABILITY = YES;
				GCC_C_LANGUAGE_STANDARD = gnu99;
				GCC_DYNAMIC_NO_PIC = NO;
				GCC_NO_COMMON_BLOCKS = YES;
				GCC_OPTIMIZATION_LEVEL = 0;
				GCC_PREPROCESSOR_DEFINITIONS = (
					"DEBUG=1",
					"$(inherited)",
				);
				GCC_WARN_64_TO_32_BIT_CONVERSION = YES;
				GCC_WARN_ABOUT_RETURN_TYPE = YES_ERROR;
				GCC_WARN_UNDECLARED_SELECTOR = YES;
				GCC_WARN_UNINITIALIZED_AUTOS = YES_AGGRESSIVE;
				GCC_WARN_UNUSED_FUNCTION = YES;
				GCC_WARN_UNUSED_VARIABLE = YES;
				IPHONEOS_DEPLOYMENT_TARGET = 9.0;
				MTL_ENABLE_DEBUG_INFO = YES;
				ONLY_ACTIVE_ARCH = YES;
				SDKROOT = iphoneos;
				SWIFT_OPTIMIZATION_LEVEL = "-Onone";
				TARGETED_DEVICE_FAMILY = "1,2";
			};
			name = Debug;
		};
		1A0BD5F81B925C6A00B61C07 /* Release */ = {
			isa = XCBuildConfiguration;
			buildSettings = {
				ALWAYS_SEARCH_USER_PATHS = NO;
				CLANG_CXX_LANGUAGE_STANDARD = "gnu++0x";
				CLANG_CXX_LIBRARY = "libc++";
				CLANG_ENABLE_MODULES = YES;
				CLANG_ENABLE_OBJC_ARC = YES;
				CLANG_WARN_BOOL_CONVERSION = YES;
				CLANG_WARN_CONSTANT_CONVERSION = YES;
				CLANG_WARN_DIRECT_OBJC_ISA_USAGE = YES_ERROR;
				CLANG_WARN_EMPTY_BODY = YES;
				CLANG_WARN_ENUM_CONVERSION = YES;
				CLANG_WARN_INT_CONVERSION = YES;
				CLANG_WARN_OBJC_ROOT_CLASS = YES_ERROR;
				CLANG_WARN_UNREACHABLE_CODE = YES;
				CLANG_WARN__DUPLICATE_METHOD_MATCH = YES;
				CODE_SIGN_IDENTITY = "Apple Development IOS Push Services: com.yungdai.AdventureClub";
				"CODE_SIGN_IDENTITY[sdk=iphoneos*]" = "iPhone Developer";
				COPY_PHASE_STRIP = NO;
				DEBUG_INFORMATION_FORMAT = "dwarf-with-dsym";
				ENABLE_NS_ASSERTIONS = NO;
				ENABLE_STRICT_OBJC_MSGSEND = YES;
				GCC_C_LANGUAGE_STANDARD = gnu99;
				GCC_NO_COMMON_BLOCKS = YES;
				GCC_WARN_64_TO_32_BIT_CONVERSION = YES;
				GCC_WARN_ABOUT_RETURN_TYPE = YES_ERROR;
				GCC_WARN_UNDECLARED_SELECTOR = YES;
				GCC_WARN_UNINITIALIZED_AUTOS = YES_AGGRESSIVE;
				GCC_WARN_UNUSED_FUNCTION = YES;
				GCC_WARN_UNUSED_VARIABLE = YES;
				IPHONEOS_DEPLOYMENT_TARGET = 9.0;
				MTL_ENABLE_DEBUG_INFO = NO;
				SDKROOT = iphoneos;
				TARGETED_DEVICE_FAMILY = "1,2";
				VALIDATE_PRODUCT = YES;
			};
			name = Release;
		};
		1A0BD5FA1B925C6A00B61C07 /* Debug */ = {
			isa = XCBuildConfiguration;
			buildSettings = {
				ASSETCATALOG_COMPILER_APPICON_NAME = AppIcon;
				CODE_SIGN_IDENTITY = "Apple Development IOS Push Services: com.yungdai.AdventureClub";
				DEFINES_MODULE = YES;
				FRAMEWORK_SEARCH_PATHS = (
					"$(inherited)",
					"$(PROJECT_DIR)/AdventureClub",
				);
				INFOPLIST_FILE = AdventureClub/Info.plist;
				LD_RUNPATH_SEARCH_PATHS = "$(inherited) @executable_path/Frameworks";
				LIBRARY_SEARCH_PATHS = (
					"$(inherited)",
					"$(PROJECT_DIR)/AdventureClub",
				);
				PRODUCT_BUNDLE_IDENTIFIER = com.yungdai.AdventureClub;
				PRODUCT_NAME = "$(TARGET_NAME)";
				SWIFT_OBJC_BRIDGING_HEADER = "AdventureClub/AdventureClub-Bridging-Header.h";
			};
			name = Debug;
		};
		1A0BD5FB1B925C6A00B61C07 /* Release */ = {
			isa = XCBuildConfiguration;
			buildSettings = {
				ASSETCATALOG_COMPILER_APPICON_NAME = AppIcon;
				CODE_SIGN_IDENTITY = "Apple Development IOS Push Services: com.yungdai.AdventureClub";
				DEFINES_MODULE = YES;
				FRAMEWORK_SEARCH_PATHS = (
					"$(inherited)",
					"$(PROJECT_DIR)/AdventureClub",
				);
				INFOPLIST_FILE = AdventureClub/Info.plist;
				LD_RUNPATH_SEARCH_PATHS = "$(inherited) @executable_path/Frameworks";
				LIBRARY_SEARCH_PATHS = (
					"$(inherited)",
					"$(PROJECT_DIR)/AdventureClub",
				);
				PRODUCT_BUNDLE_IDENTIFIER = com.yungdai.AdventureClub;
				PRODUCT_NAME = "$(TARGET_NAME)";
				SWIFT_OBJC_BRIDGING_HEADER = "AdventureClub/AdventureClub-Bridging-Header.h";
			};
			name = Release;
		};
		1A0BD5FD1B925C6A00B61C07 /* Debug */ = {
			isa = XCBuildConfiguration;
			buildSettings = {
				BUNDLE_LOADER = "$(TEST_HOST)";
				INFOPLIST_FILE = AdventureClubTests/Info.plist;
				LD_RUNPATH_SEARCH_PATHS = "$(inherited) @executable_path/Frameworks @loader_path/Frameworks";
				PRODUCT_BUNDLE_IDENTIFIER = self.edu.AdventureClubTests;
				PRODUCT_NAME = "$(TARGET_NAME)";
				TEST_HOST = "$(BUILT_PRODUCTS_DIR)/AdventureClub.app/AdventureClub";
			};
			name = Debug;
		};
		1A0BD5FE1B925C6A00B61C07 /* Release */ = {
			isa = XCBuildConfiguration;
			buildSettings = {
				BUNDLE_LOADER = "$(TEST_HOST)";
				INFOPLIST_FILE = AdventureClubTests/Info.plist;
				LD_RUNPATH_SEARCH_PATHS = "$(inherited) @executable_path/Frameworks @loader_path/Frameworks";
				PRODUCT_BUNDLE_IDENTIFIER = self.edu.AdventureClubTests;
				PRODUCT_NAME = "$(TARGET_NAME)";
				TEST_HOST = "$(BUILT_PRODUCTS_DIR)/AdventureClub.app/AdventureClub";
			};
			name = Release;
		};
		1A0BD6001B925C6A00B61C07 /* Debug */ = {
			isa = XCBuildConfiguration;
			buildSettings = {
				INFOPLIST_FILE = AdventureClubUITests/Info.plist;
				LD_RUNPATH_SEARCH_PATHS = "$(inherited) @executable_path/Frameworks @loader_path/Frameworks";
				PRODUCT_BUNDLE_IDENTIFIER = self.edu.AdventureClubUITests;
				PRODUCT_NAME = "$(TARGET_NAME)";
				TEST_TARGET_NAME = AdventureClub;
				USES_XCTRUNNER = YES;
			};
			name = Debug;
		};
		1A0BD6011B925C6A00B61C07 /* Release */ = {
			isa = XCBuildConfiguration;
			buildSettings = {
				INFOPLIST_FILE = AdventureClubUITests/Info.plist;
				LD_RUNPATH_SEARCH_PATHS = "$(inherited) @executable_path/Frameworks @loader_path/Frameworks";
				PRODUCT_BUNDLE_IDENTIFIER = self.edu.AdventureClubUITests;
				PRODUCT_NAME = "$(TARGET_NAME)";
				TEST_TARGET_NAME = AdventureClub;
				USES_XCTRUNNER = YES;
			};
			name = Release;
		};
/* End XCBuildConfiguration section */

/* Begin XCConfigurationList section */
		1A0BD5CC1B925C6900B61C07 /* Build configuration list for PBXProject "AdventureClub" */ = {
			isa = XCConfigurationList;
			buildConfigurations = (
				1A0BD5F71B925C6A00B61C07 /* Debug */,
				1A0BD5F81B925C6A00B61C07 /* Release */,
			);
			defaultConfigurationIsVisible = 0;
			defaultConfigurationName = Release;
		};
		1A0BD5F91B925C6A00B61C07 /* Build configuration list for PBXNativeTarget "AdventureClub" */ = {
			isa = XCConfigurationList;
			buildConfigurations = (
				1A0BD5FA1B925C6A00B61C07 /* Debug */,
				1A0BD5FB1B925C6A00B61C07 /* Release */,
			);
			defaultConfigurationIsVisible = 0;
		};
		1A0BD5FC1B925C6A00B61C07 /* Build configuration list for PBXNativeTarget "AdventureClubTests" */ = {
			isa = XCConfigurationList;
			buildConfigurations = (
				1A0BD5FD1B925C6A00B61C07 /* Debug */,
				1A0BD5FE1B925C6A00B61C07 /* Release */,
			);
			defaultConfigurationIsVisible = 0;
		};
		1A0BD5FF1B925C6A00B61C07 /* Build configuration list for PBXNativeTarget "AdventureClubUITests" */ = {
			isa = XCConfigurationList;
			buildConfigurations = (
				1A0BD6001B925C6A00B61C07 /* Debug */,
				1A0BD6011B925C6A00B61C07 /* Release */,
			);
			defaultConfigurationIsVisible = 0;
		};
/* End XCConfigurationList section */
	};
	rootObject = 1A0BD5C91B925C6900B61C07 /* Project object */;
}
